
Microsoft Visual Studio Solution File, Format Version 12.00
# Visual Studio Version 17
VisualStudioVersion = 17.11.35208.52
MinimumVisualStudioVersion = 10.0.40219.1
Project("{9A19103F-16F7-4668-BE54-9A1E7A4F7556}") = "Tekla.Demo.Console", "src\Tekla.Demo.Console\Tekla.Demo.Console.csproj", "{4B8C1765-BC34-449B-B87D-3A9C0952543E}"
EndProject
Global
	GlobalSection(SolutionConfigurationPlatforms) = preSolution
		Debug|Any CPU = Debug|Any CPU
		Release|Any CPU = Release|Any CPU
	EndGlobalSection
	GlobalSection(ProjectConfigurationPlatforms) = postSolution
		{4B8C1765-BC34-449B-B87D-3A9C0952543E}.Debug|Any CPU.ActiveCfg = Debug|Any CPU
		{4B8C1765-BC34-449B-B87D-3A9C0952543E}.Debug|Any CPU.Build.0 = Debug|Any CPU
		{4B8C1765-BC34-449B-B87D-3A9C0952543E}.Release|Any CPU.ActiveCfg = Release|Any CPU
		{4B8C1765-BC34-449B-B87D-3A9C0952543E}.Release|Any CPU.Build.0 = Release|Any CPU
	EndGlobalSection
	GlobalSection(SolutionProperties) = preSolution
		HideSolutionNode = FALSE
	EndGlobalSection
	GlobalSection(ExtensibilityGlobals) = postSolution
		SolutionGuid = {087B9CD1-08D7-45F0-AE47-7243A24AACCA}
	EndGlobalSection
EndGlobal
